
Microsoft Visual Studio Solution File, Format Version 12.00
# Visual Studio 15
VisualStudioVersion = 15.0.27703.2035
MinimumVisualStudioVersion = 10.0.40219.1
Project("{FAE04EC0-301F-11D3-BF4B-00C04F79EFBC}") = "DockerApp", "DockerApp\DockerApp.csproj", "{502F7964-FB71-432B-AFB9-31100DD7DF5E}"
EndProject
Project("{E53339B2-1760-4266-BCC7-CA923CBCF16C}") = "docker-compose", "docker-compose.dcproj", "{22D1CB09-DF23-4D09-92A4-25A82E3AD4F1}"
EndProject
Global
	GlobalSection(SolutionConfigurationPlatforms) = preSolution
		Debug|Any CPU = Debug|Any CPU
		Release|Any CPU = Release|Any CPU
	EndGlobalSection
	GlobalSection(ProjectConfigurationPlatforms) = postSolution
		{502F7964-FB71-432B-AFB9-31100DD7DF5E}.Debug|Any CPU.ActiveCfg = Debug|Any CPU
		{502F7964-FB71-432B-AFB9-31100DD7DF5E}.Debug|Any CPU.Build.0 = Debug|Any CPU
		{502F7964-FB71-432B-AFB9-31100DD7DF5E}.Release|Any CPU.ActiveCfg = Release|Any CPU
		{502F7964-FB71-432B-AFB9-31100DD7DF5E}.Release|Any CPU.Build.0 = Release|Any CPU
		{22D1CB09-DF23-4D09-92A4-25A82E3AD4F1}.Debug|Any CPU.ActiveCfg = Debug|Any CPU
		{22D1CB09-DF23-4D09-92A4-25A82E3AD4F1}.Debug|Any CPU.Build.0 = Debug|Any CPU
		{22D1CB09-DF23-4D09-92A4-25A82E3AD4F1}.Release|Any CPU.ActiveCfg = Release|Any CPU
		{22D1CB09-DF23-4D09-92A4-25A82E3AD4F1}.Release|Any CPU.Build.0 = Release|Any CPU
	EndGlobalSection
	GlobalSection(SolutionProperties) = preSolution
		HideSolutionNode = FALSE
	EndGlobalSection
	GlobalSection(ExtensibilityGlobals) = postSolution
		SolutionGuid = {58FF2B0E-91E4-4AE4-89C4-4F176079AA48}
	EndGlobalSection
EndGlobal
